
Microsoft Visual Studio Solution File, Format Version 12.00
# Visual Studio Version 16
VisualStudioVersion = 16.0.30011.22
MinimumVisualStudioVersion = 10.0.40219.1
Project("{FAE04EC0-301F-11D3-BF4B-00C04F79EFBC}") = "HomeWork_", "HomeWork_\HomeWork_.csproj", "{FCB421D2-029A-492C-B82F-A92A61EA04E5}"
EndProject
Global
	GlobalSection(SolutionConfigurationPlatforms) = preSolution
		Debug|Any CPU = Debug|Any CPU
		Release|Any CPU = Release|Any CPU
	EndGlobalSection
	GlobalSection(ProjectConfigurationPlatforms) = postSolution
		{FCB421D2-029A-492C-B82F-A92A61EA04E5}.Debug|Any CPU.ActiveCfg = Debug|Any CPU
		{FCB421D2-029A-492C-B82F-A92A61EA04E5}.Debug|Any CPU.Build.0 = Debug|Any CPU
		{FCB421D2-029A-492C-B82F-A92A61EA04E5}.Release|Any CPU.ActiveCfg = Release|Any CPU
		{FCB421D2-029A-492C-B82F-A92A61EA04E5}.Release|Any CPU.Build.0 = Release|Any CPU
	EndGlobalSection
	GlobalSection(SolutionProperties) = preSolution
		HideSolutionNode = FALSE
	EndGlobalSection
	GlobalSection(ExtensibilityGlobals) = postSolution
		SolutionGuid = {B1DF618C-64FD-416C-8616-2F5028B43458}
	EndGlobalSection
EndGlobal
